
Microsoft Visual Studio Solution File, Format Version 12.00
# Visual Studio Version 16
VisualStudioVersion = 16.0.31005.135
MinimumVisualStudioVersion = 10.0.40219.1
Project("{FAE04EC0-301F-11D3-BF4B-00C04F79EFBC}") = "SplineBuilder", "SplineBuilder\SplineBuilder.csproj", "{E4EC3E37-6269-4549-847A-B2796D4FF973}"
EndProject
Project("{FAE04EC0-301F-11D3-BF4B-00C04F79EFBC}") = "SplineTest", "SplineTest\SplineTest.csproj", "{B498B289-2F43-484A-9975-0216DC7070CA}"
EndProject
Global
	GlobalSection(SolutionConfigurationPlatforms) = preSolution
		Debug|Any CPU = Debug|Any CPU
		Release|Any CPU = Release|Any CPU
	EndGlobalSection
	GlobalSection(ProjectConfigurationPlatforms) = postSolution
		{E4EC3E37-6269-4549-847A-B2796D4FF973}.Debug|Any CPU.ActiveCfg = Debug|Any CPU
		{E4EC3E37-6269-4549-847A-B2796D4FF973}.Debug|Any CPU.Build.0 = Debug|Any CPU
		{E4EC3E37-6269-4549-847A-B2796D4FF973}.Release|Any CPU.ActiveCfg = Release|Any CPU
		{E4EC3E37-6269-4549-847A-B2796D4FF973}.Release|Any CPU.Build.0 = Release|Any CPU
		{B498B289-2F43-484A-9975-0216DC7070CA}.Debug|Any CPU.ActiveCfg = Debug|Any CPU
		{B498B289-2F43-484A-9975-0216DC7070CA}.Debug|Any CPU.Build.0 = Debug|Any CPU
		{B498B289-2F43-484A-9975-0216DC7070CA}.Release|Any CPU.ActiveCfg = Release|Any CPU
		{B498B289-2F43-484A-9975-0216DC7070CA}.Release|Any CPU.Build.0 = Release|Any CPU
	EndGlobalSection
	GlobalSection(SolutionProperties) = preSolution
		HideSolutionNode = FALSE
	EndGlobalSection
	GlobalSection(ExtensibilityGlobals) = postSolution
		SolutionGuid = {AF318C11-E71E-4A72-986B-9C638C67AD51}
	EndGlobalSection
EndGlobal
